PODS:
  - Alamofire (4.8.2)
  - CocoaLumberjack/Core (3.5.3)
  - CocoaLumberjack/Swift (3.5.3):
    - CocoaLumberjack/Core
  - R.swift (5.0.3):
    - R.swift.Library (~> 5.0.0)
  - R.swift.Library (5.0.1)

DEPENDENCIES:
  - Alamofire
  - CocoaLumberjack/Swift
  - R.swift

SPEC REPOS:
  https://github.com/cocoapods/specs.git:
    - Alamofire
    - CocoaLumberjack
    - R.swift
    - R.swift.Library

SPEC CHECKSUMS:
  Alamofire: ae5c501addb7afdbb13687d7f2f722c78734c2d3
  CocoaLumberjack: 2f44e60eb91c176d471fdba43b9e3eae6a721947
  R.swift: f5a87643b91ea569d23d6afb3eee9c743edde239
  R.swift.Library: cfe85d569d9bae6cb262922db130e7c3a7a5fad1

PODFILE CHECKSUM: 91c7d82b3bff4eb789711215cfb86df25e8356dc

COCOAPODS: 1.6.1
